{
	"name": "service-runner",
	"version": "0.0.1",
	"lockfileVersion": 2,
	"requires": true,
	"packages": {
		"": {
			"name": "service-runner",
			"version": "0.0.1",
			"devDependencies": {
				"@types/vscode": "^1.60.0",
				"typescript": "^4.5.5"
			},
			"engines": {
				"vscode": "^1.64.0"
			}
		},
		"node_modules/@types/vscode": {
			"version": "1.60.0",
			"resolved": "https://registry.npmjs.org/@types/vscode/-/vscode-1.60.0.tgz",
			"integrity": "sha512-wZt3VTmzYrgZ0l/3QmEbCq4KAJ71K3/hmMQ/nfpv84oH8e81KKwPEoQ5v8dNCxfHFVJ1JabHKmCvqdYOoVm1Ow==",
			"dev": true
		},
		"node_modules/typescript": {
			"version": "4.5.5",
			"resolved": "https://registry.npmjs.org/typescript/-/typescript-4.5.5.tgz",
			"integrity": "sha512-TCTIul70LyWe6IJWT8QSYeA54WQe8EjQFU4wY52Fasj5UKx88LNYKCgBEHcOMOrFF1rKGbD8v/xcNWVUq9SymA==",
			"dev": true,
			"bin": {
				"tsc": "bin/tsc",
				"tsserver": "bin/tsserver"
			},
			"engines": {
				"node": ">=4.2.0"
			}
		}
	},
	"dependencies": {
		"@types/vscode": {
			"version": "1.60.0",
			"resolved": "https://registry.npmjs.org/@types/vscode/-/vscode-1.60.0.tgz",
			"integrity": "sha512-wZt3VTmzYrgZ0l/3QmEbCq4KAJ71K3/hmMQ/nfpv84oH8e81KKwPEoQ5v8dNCxfHFVJ1JabHKmCvqdYOoVm1Ow==",
			"dev": true
		},
		"typescript": {
			"version": "4.5.5",
			"resolved": "https://registry.npmjs.org/typescript/-/typescript-4.5.5.tgz",
			"integrity": "sha512-TCTIul70LyWe6IJWT8QSYeA54WQe8EjQFU4wY52Fasj5UKx88LNYKCgBEHcOMOrFF1rKGbD8v/xcNWVUq9SymA==",
			"dev": true
		}
	}
}
